
Microsoft Visual Studio Solution File, Format Version 12.00
# Visual Studio 15
VisualStudioVersion = 15.0.27130.2010
MinimumVisualStudioVersion = 10.0.40219.1
Project("{8BC9CEB8-8B4A-11D0-8D11-00A0C91BC942}") = "EtcdClient", "EtcdClient\EtcdClient.vcxproj", "{CC3D4870-EE43-4C04-8608-AB2BCC5F3CDD}"
EndProject
Global
	GlobalSection(SolutionConfigurationPlatforms) = preSolution
		Debug|x64 = Debug|x64
		Debug|x86 = Debug|x86
		Release|x64 = Release|x64
		Release|x86 = Release|x86
	EndGlobalSection
	GlobalSection(ProjectConfigurationPlatforms) = postSolution
		{CC3D4870-EE43-4C04-8608-AB2BCC5F3CDD}.Debug|x64.ActiveCfg = Debug|x64
		{CC3D4870-EE43-4C04-8608-AB2BCC5F3CDD}.Debug|x64.Build.0 = Debug|x64
		{CC3D4870-EE43-4C04-8608-AB2BCC5F3CDD}.Debug|x86.ActiveCfg = Debug|Win32
		{CC3D4870-EE43-4C04-8608-AB2BCC5F3CDD}.Debug|x86.Build.0 = Debug|Win32
		{CC3D4870-EE43-4C04-8608-AB2BCC5F3CDD}.Release|x64.ActiveCfg = Release|x64
		{CC3D4870-EE43-4C04-8608-AB2BCC5F3CDD}.Release|x64.Build.0 = Release|x64
		{CC3D4870-EE43-4C04-8608-AB2BCC5F3CDD}.Release|x86.ActiveCfg = Release|Win32
		{CC3D4870-EE43-4C04-8608-AB2BCC5F3CDD}.Release|x86.Build.0 = Release|Win32
	EndGlobalSection
	GlobalSection(SolutionProperties) = preSolution
		HideSolutionNode = FALSE
	EndGlobalSection
	GlobalSection(ExtensibilityGlobals) = postSolution
		SolutionGuid = {5BE0F48B-6CA2-435E-B222-12BF1F54801E}
	EndGlobalSection
EndGlobal
